{"SurveyEntry": {"SurveyID": "SV_synthetic", "SurveyName": "SYNTHETIC TEST SURVEY"}, "SurveyElements": [{"Element": "SQ", "PrimaryAttribute": "QID1", "Payload": {"DataExportTag": "Q1", "QuestionID": "QID1", "QuestionText": "Where do you live?", "QuestionType": "MC", "Selector": "SAVR", "Choices": {"1": {"Display": "Geelong"}, "2": {"Display": "Ballarat"}}, "ChoiceOrder": ["1", "2"]}}, {"Element": "SQ", "PrimaryAttribute": "QID2", "Payload": {"DataExportTag": "Q2", "QuestionID": "QID2", "QuestionText": "Are you:", "QuestionType": "MC", "Selector": "SAVR", "Choices": {"1": {"Display": "Female"}, "2": {"Display": "Male"}, "3": {"Display": "Non-binary / third gender"}, "4": {"Display": "Prefer not to say"}}, "ChoiceOrder": ["1", "2", "3", "4"]}}, {"Element": "SQ", "PrimaryAttribute": "QID3", "Payload": {"DataExportTag": "Q3", "QuestionID": "QID3", "QuestionText": "Are you a school student?", "QuestionType": "MC", "Selector": "SAVR", "Choices": {"1": {"Display": "Yes"}, "2": {"Display": "No"}}, "ChoiceOrder": ["1", "2"]}}, {"Element": "SQ", "PrimaryAttribute": "QID4", "Payload": {"DataExportTag": "Q4", "QuestionID": "QID4", "QuestionText": "Which school?", "QuestionType": "MC", "Selector": "SAVR", "Choices": {"1": {"Display": "Alpha PS"}, "2": {"Display": "Beta SC"}, "3": {"Display": "Gamma PS"}}, "ChoiceOrder": ["1", "2", "3"]}}, {"Element": "SQ", "PrimaryAttribute": "QID5", "Payload": {"DataExportTag": "Q5", "QuestionID": "QID5", "QuestionText": "Which year level?", "QuestionType": "MC", "Selector": "SAVR", "Choices": {"1": {"Display": "Year 5"}, "2": {"Display": "Year 6"}}, "ChoiceOrder": ["1", "2"]}}, {"Element": "SQ", "PrimaryAttribute": "QID6", "Payload": {"DataExportTag": "Q6", "QuestionID": "QID6", "QuestionText": "Adult 1 occupation", "QuestionType": "MC", "Selector": "SAVR", "Choices": {"1": {"Display": "Healthcare"}, "2": {"Display": "Education"}}, "ChoiceOrder": ["1", "2"]}}, {"Element": "SQ", "PrimaryAttribute": "QID7", "Payload": {"DataExportTag": "Q111", "QuestionID": "QID7", "QuestionText": "Adult 2 occupation", "QuestionType": "MC", "Selector": "SAVR", "Choices": {"1": {"Display": "Healthcare"}, "2": {"Display": "Education"}}, "ChoiceOrder": ["1", "2"]}}, {"Element": "SQ", "PrimaryAttribute": "QID8", "Payload": {"DataExportTag": "Q7", "QuestionID": "QID8", "QuestionText": "Language other than English at home?", "QuestionType": "MC", "Selector": "SAVR", "Choices": {"1": {"Display": "Yes"}, "2": {"Display": "No"}}, "ChoiceOrder": ["1", "2"]}}, {"Element": "SQ", "PrimaryAttribute": "QID9", "Payload": {"DataExportTag": "Q73", "QuestionID": "QID9", "QuestionText": "Birth year", "QuestionType": "MC", "Selector": "SAVR", "Choices": {"1": {"Display": "2010"}, "2": {"Display": "2011"}}, "ChoiceOrder": ["1", "2"]}}, {"Element": "SQ", "PrimaryAttribute": "QID10", "Payload": {"DataExportTag": "Q9", "QuestionID": "QID10", "QuestionText": "Which activities have you done?", "QuestionType": "MC", "Selector": "MAVR", "Choices": {"1": {"Display": "Competitions (for example a robotics day)"}, "2": {"Display": "Excursions"}}, "ChoiceOrder": ["1", "2"]}}, {"Element": "SQ", "PrimaryAttribute": "QID11", "Payload": {"DataExportTag": "Q15", "QuestionID": "QID11", "QuestionText": "The activity helped me to be...", "QuestionType": "Matrix", "Selector": "Likert", "Choices": {"1": {"Display": "More knowledgable about STEM"}, "2": {"Display": "More confident in being a leader"}}, "ChoiceOrder": ["1", "2"], "Answers": {"1": {"Display": "Yes a lot"}, "2": {"Display": "Yes a little"}, "3": {"Display": "Maybe"}, "4": {"Display": "No"}, "5": {"Display": "I do not know"}}}}, {"Element": "SQ", "PrimaryAttribute": "QID12", "Payload": {"DataExportTag": "Q36", "QuestionID": "QID12", "QuestionText": "The excursion helped me to be...", "QuestionType": "Matrix", "Selector": "Likert", "Choices": {"1": {"Display": "More knowledgable about STEM"}}, "ChoiceOrder": ["1"], "Answers": {"1": {"Display": "Yes a lot"}, "2": {"Display": "Yes a little"}, "3": {"Display": "Maybe"}, "4": {"Display": "No"}, "5": {"Display": "I do not know"}}}}, {"Element": "SQ", "PrimaryAttribute": "QID13", "Payload": {"DataExportTag": "Q107", "QuestionID": "QID13", "QuestionText": "In general, I feel...", "QuestionType": "Matrix", "Selector": "Likert", "Choices": {"1": {"Display": "More like a STEM person"}}, "ChoiceOrder": ["1"], "Answers": {"1": {"Display": "Yes a lot"}, "2": {"Display": "Yes a little"}, "3": {"Display": "Maybe"}, "4": {"Display": "No"}, "5": {"Display": "I do not know"}}}}, {"Element": "SQ", "PrimaryAttribute": "QID14", "Payload": {"DataExportTag": "Q25", "QuestionID": "QID14", "QuestionText": "About your future...", "QuestionType": "Matrix", "Selector": "Likert", "Choices": {"1": {"Display": "I can imagine a job that uses STEM"}, "2": {"Display": "A STEM job sounds like something I could do"}}, "ChoiceOrder": ["1", "2"], "Answers": {"1": {"Display": "Yes a lot"}, "2": {"Display": "Yes a little"}, "3": {"Display": "Maybe"}, "4": {"Display": "No"}, "5": {"Display": "I do not know"}}}}, {"Element": "SQ", "PrimaryAttribute": "QID15", "Payload": {"DataExportTag": "Q16", "QuestionID": "QID15", "QuestionText": "Skills built", "QuestionType": "MC", "Selector": "MAVR", "Choices": {"1": {"Display": "Teamwork"}, "2": {"Display": "Creative thinking"}, "3": {"Display": "Problem solving, and design"}}, "ChoiceOrder": ["1", "2", "3"]}}, {"Element": "SQ", "PrimaryAttribute": "QID16", "Payload": {"DataExportTag": "Q74", "QuestionID": "QID16", "QuestionText": "I see myself as...", "QuestionType": "MC", "Selector": "MAVR", "Choices": {"1": {"Display": "A leader"}, "2": {"Display": "A designer"}}, "ChoiceOrder": ["1", "2"]}}, {"Element": "SQ", "PrimaryAttribute": "QID17", "Payload": {"DataExportTag": "Q20", "QuestionID": "QID17", "QuestionText": "Subjects interested in", "QuestionType": "MC", "Selector": "MAVR", "Choices": {"1": {"Display": "Mathematics"}, "2": {"Display": "Science"}, "3": {"Display": "Arts, humanities or social sciences"}}, "ChoiceOrder": ["1", "2", "3"]}}, {"Element": "SQ", "PrimaryAttribute": "QID18", "Payload": {"DataExportTag": "Q26", "QuestionID": "QID18", "QuestionText": "What helps decide future plans", "QuestionType": "MC", "Selector": "MAVR", "Choices": {"1": {"Display": "My family"}, "2": {"Display": "My teachers"}}, "ChoiceOrder": ["1", "2"]}}, {"Element": "SQ", "PrimaryAttribute": "QID19", "Payload": {"DataExportTag": "Q10", "QuestionID": "QID19", "QuestionText": "What did you enjoy most about the activity?", "QuestionType": "TE", "Selector": null, "Choices": {}, "ChoiceOrder": []}}, {"Element": "SQ", "PrimaryAttribute": "QID20", "Payload": {"DataExportTag": "Q102", "QuestionID": "QID20", "QuestionText": "Please specify what job adult 1 does", "QuestionType": "TE", "Selector": null, "Choices": {}, "ChoiceOrder": []}}, {"Element": "BL", "Payload": [{"Type": "Default", "Description": "Default Question Block", "ID": "BL_1", "BlockElements": [{"Type": "Question", "QuestionID": "QID1"}, {"Type": "Question", "QuestionID": "QID2"}, {"Type": "Question", "QuestionID": "QID3"}, {"Type": "Question", "QuestionID": "QID4"}, {"Type": "Question", "QuestionID": "QID5"}, {"Type": "Question", "QuestionID": "QID6"}, {"Type": "Question", "QuestionID": "QID7"}, {"Type": "Question", "QuestionID": "QID8"}, {"Type": "Question", "QuestionID": "QID9"}, {"Type": "Question", "QuestionID": "QID10"}, {"Type": "Question", "QuestionID": "QID11"}, {"Type": "Question", "QuestionID": "QID12"}, {"Type": "Question", "QuestionID": "QID13"}, {"Type": "Question", "QuestionID": "QID14"}, {"Type": "Question", "QuestionID": "QID15"}, {"Type": "Question", "QuestionID": "QID16"}, {"Type": "Question", "QuestionID": "QID17"}, {"Type": "Question", "QuestionID": "QID18"}, {"Type": "Question", "QuestionID": "QID19"}, {"Type": "Question", "QuestionID": "QID20"}]}]}]}